
Microsoft Visual Studio Solution File, Format Version 11.00
# Visual Studio 10
Project("{8BC9CEB8-8B4A-11D0-8D11-00A0C91BC942}") = "Krypto", "Krypto\Krypto.vcxproj", "{17EC56B2-E57E-4CBF-9F4D-68A5E265F5B1}"
EndProject
Global
	GlobalSection(SolutionConfigurationPlatforms) = preSolution
		Debug|Win32 = Debug|Win32
		Release|Win32 = Release|Win32
	EndGlobalSection
	GlobalSection(ProjectConfigurationPlatforms) = postSolution
		{17EC56B2-E57E-4CBF-9F4D-68A5E265F5B1}.Debug|Win32.ActiveCfg = Debug|Win32
		{17EC56B2-E57E-4CBF-9F4D-68A5E265F5B1}.Debug|Win32.Build.0 = Debug|Win32
		{17EC56B2-E57E-4CBF-9F4D-68A5E265F5B1}.Release|Win32.ActiveCfg = Release|Win32
		{17EC56B2-E57E-4CBF-9F4D-68A5E265F5B1}.Release|Win32.Build.0 = Release|Win32
	EndGlobalSection
	GlobalSection(SolutionProperties) = preSolution
		HideSolutionNode = FALSE
	EndGlobalSection
EndGlobal
